
Microsoft Visual Studio Solution File, Format Version 12.00
# Visual Studio Version 17
VisualStudioVersion = 17.1.32414.318
MinimumVisualStudioVersion = 10.0.40219.1
Project("{888888A0-9F3D-457C-B088-3A5042F75D52}") = "scripts", "scripts.pyproj", "{36743ADB-75CA-488C-9295-8A8A8D0E01BD}"
EndProject
Global
	GlobalSection(SolutionConfigurationPlatforms) = preSolution
		Debug|Any CPU = Debug|Any CPU
		Release|Any CPU = Release|Any CPU
	EndGlobalSection
	GlobalSection(ProjectConfigurationPlatforms) = postSolution
		{36743ADB-75CA-488C-9295-8A8A8D0E01BD}.Debug|Any CPU.ActiveCfg = Debug|Any CPU
		{36743ADB-75CA-488C-9295-8A8A8D0E01BD}.Release|Any CPU.ActiveCfg = Release|Any CPU
	EndGlobalSection
	GlobalSection(SolutionProperties) = preSolution
		HideSolutionNode = FALSE
	EndGlobalSection
	GlobalSection(ExtensibilityGlobals) = postSolution
		SolutionGuid = {A4DAC87B-9F51-4962-8B81-60EEC234C8FE}
	EndGlobalSection
EndGlobal
